
Microsoft Visual Studio Solution File, Format Version 12.00
# Visual Studio Version 17
VisualStudioVersion = 17.5.002.0
MinimumVisualStudioVersion = 10.0.40219.1
Project("{9A19103F-16F7-4668-BE54-9A1E7A4F7556}") = "multifunctional-builder", "patterns\builder\multifunctional-builder\multifunctional-builder.csproj", "{0C4C0F73-04BD-478F-990D-0CC5424E0BD0}"
EndProject
Project("{9A19103F-16F7-4668-BE54-9A1E7A4F7556}") = "SolidPrinciplesApp", "solid-principles-app\SolidPrinciplesApp.csproj", "{30DB776D-7AB4-4CB5-BD66-CB155C455DB8}"
EndProject
Project("{9A19103F-16F7-4668-BE54-9A1E7A4F7556}") = "recursive-generics-builder", "patterns\builder\recursive-generics-builder\recursive-generics-builder.csproj", "{16256A87-7BB0-4CD9-BA09-B134636A8FC7}"
EndProject
Project("{9A19103F-16F7-4668-BE54-9A1E7A4F7556}") = "functional-builder", "patterns\builder\functional-builder\functional-builder.csproj", "{1810388E-2E5D-4500-BAD0-3A9392339466}"
EndProject
Project("{2150E333-8FDC-42A3-9474-1A3956D46DE8}") = "patterns", "patterns", "{C494DB77-5930-494F-9D18-24E8352441DE}"
EndProject
Project("{2150E333-8FDC-42A3-9474-1A3956D46DE8}") = "builder", "builder", "{40207EFF-C950-4E92-9E79-A28A0BE85380}"
EndProject
Project("{FAE04EC0-301F-11D3-BF4B-00C04F79EFBC}") = "parameter-builder", "patterns\builder\parameter-builder\parameter-builder.csproj", "{6FE8F7B3-6B1E-4246-BCBE-398ED492DC8C}"
EndProject
Project("{FAE04EC0-301F-11D3-BF4B-00C04F79EFBC}") = "class-builder", "patterns\builder\class-builder\class-builder.csproj", "{5C85C933-D125-475D-98CD-5686F3EAEC9F}"
EndProject
Global
	GlobalSection(SolutionConfigurationPlatforms) = preSolution
		Debug|Any CPU = Debug|Any CPU
		Release|Any CPU = Release|Any CPU
	EndGlobalSection
	GlobalSection(ProjectConfigurationPlatforms) = postSolution
		{0C4C0F73-04BD-478F-990D-0CC5424E0BD0}.Debug|Any CPU.ActiveCfg = Debug|Any CPU
		{0C4C0F73-04BD-478F-990D-0CC5424E0BD0}.Debug|Any CPU.Build.0 = Debug|Any CPU
		{0C4C0F73-04BD-478F-990D-0CC5424E0BD0}.Release|Any CPU.ActiveCfg = Release|Any CPU
		{0C4C0F73-04BD-478F-990D-0CC5424E0BD0}.Release|Any CPU.Build.0 = Release|Any CPU
		{30DB776D-7AB4-4CB5-BD66-CB155C455DB8}.Debug|Any CPU.ActiveCfg = Debug|Any CPU
		{30DB776D-7AB4-4CB5-BD66-CB155C455DB8}.Debug|Any CPU.Build.0 = Debug|Any CPU
		{30DB776D-7AB4-4CB5-BD66-CB155C455DB8}.Release|Any CPU.ActiveCfg = Release|Any CPU
		{30DB776D-7AB4-4CB5-BD66-CB155C455DB8}.Release|Any CPU.Build.0 = Release|Any CPU
		{6FE8F7B3-6B1E-4246-BCBE-398ED492DC8C}.Debug|Any CPU.ActiveCfg = Debug|Any CPU
		{6FE8F7B3-6B1E-4246-BCBE-398ED492DC8C}.Debug|Any CPU.Build.0 = Debug|Any CPU
		{6FE8F7B3-6B1E-4246-BCBE-398ED492DC8C}.Release|Any CPU.ActiveCfg = Release|Any CPU
		{6FE8F7B3-6B1E-4246-BCBE-398ED492DC8C}.Release|Any CPU.Build.0 = Release|Any CPU
		{5C85C933-D125-475D-98CD-5686F3EAEC9F}.Debug|Any CPU.ActiveCfg = Debug|Any CPU
		{5C85C933-D125-475D-98CD-5686F3EAEC9F}.Debug|Any CPU.Build.0 = Debug|Any CPU
		{5C85C933-D125-475D-98CD-5686F3EAEC9F}.Release|Any CPU.ActiveCfg = Release|Any CPU
		{5C85C933-D125-475D-98CD-5686F3EAEC9F}.Release|Any CPU.Build.0 = Release|Any CPU
	EndGlobalSection
	GlobalSection(SolutionProperties) = preSolution
		HideSolutionNode = FALSE
	EndGlobalSection
	GlobalSection(ExtensibilityGlobals) = postSolution
		SolutionGuid = {6017DD06-CA4C-4D4E-9A81-FFDDC6A5ADD0}
	EndGlobalSection
	GlobalSection(NestedProjects) = preSolution
		{40207EFF-C950-4E92-9E79-A28A0BE85380} = {C494DB77-5930-494F-9D18-24E8352441DE}
		{6FE8F7B3-6B1E-4246-BCBE-398ED492DC8C} = {40207EFF-C950-4E92-9E79-A28A0BE85380}
		{5C85C933-D125-475D-98CD-5686F3EAEC9F} = {40207EFF-C950-4E92-9E79-A28A0BE85380}
	EndGlobalSection
EndGlobal
